
Microsoft Visual Studio Solution File, Format Version 12.00
# Visual Studio Version 16
VisualStudioVersion = 16.0.32602.291
MinimumVisualStudioVersion = 10.0.40219.1
Project("{FAE04EC0-301F-11D3-BF4B-00C04F79EFBC}") = "speech2text", "speech2text.csproj", "{B9DE6981-76E6-4F1C-B8E7-A9DA9993E9BE}"
EndProject
Global
	GlobalSection(SolutionConfigurationPlatforms) = preSolution
		Debug|Any CPU = Debug|Any CPU
		Release|Any CPU = Release|Any CPU
	EndGlobalSection
	GlobalSection(ProjectConfigurationPlatforms) = postSolution
		{B9DE6981-76E6-4F1C-B8E7-A9DA9993E9BE}.Debug|Any CPU.ActiveCfg = Debug|Any CPU
		{B9DE6981-76E6-4F1C-B8E7-A9DA9993E9BE}.Debug|Any CPU.Build.0 = Debug|Any CPU
		{B9DE6981-76E6-4F1C-B8E7-A9DA9993E9BE}.Release|Any CPU.ActiveCfg = Release|Any CPU
		{B9DE6981-76E6-4F1C-B8E7-A9DA9993E9BE}.Release|Any CPU.Build.0 = Release|Any CPU
	EndGlobalSection
	GlobalSection(SolutionProperties) = preSolution
		HideSolutionNode = FALSE
	EndGlobalSection
	GlobalSection(ExtensibilityGlobals) = postSolution
		SolutionGuid = {AF04E2C4-FBCE-4418-BD59-3210F3A2F81B}
	EndGlobalSection
EndGlobal
